// !$*UTF8*$!
{
	archiveVersion = 1;
	classes = {
	};
	objectVersion = 46;
	objects = {

/* Begin PBXBuildFile section */
		0E0F199617D71A8D00F30B99 /* CommViewController.m in Sources */ = {isa = PBXBuildFile; fileRef = 0E0F199417D71A8D00F30B99 /* CommViewController.m */; };
		0E0F199717D71A8D00F30B99 /* CommViewController.xib in Resources */ = {isa = PBXBuildFile; fileRef = 0E0F199517D71A8D00F30B99 /* CommViewController.xib */; };
		0E0F199A17D7212600F30B99 /* button@2x.png in Resources */ = {isa = PBXBuildFile; fileRef = 0E0F199917D7212600F30B99 /* button@2x.png */; };
		0E0F199C17D7213E00F30B99 /* button.png in Resources */ = {isa = PBXBuildFile; fileRef = 0E0F199B17D7213E00F30B99 /* button.png */; };
		0E52C62E17D5E1EB00F8D16D /* BigMapAnnotation.m in Sources */ = {isa = PBXBuildFile; fileRef = 0E52C62D17D5E1EB00F8D16D /* BigMapAnnotation.m */; };
		0E52C63217D5E42400F8D16D /* UIUtil.m in Sources */ = {isa = PBXBuildFile; fileRef = 0E52C63117D5E42400F8D16D /* UIUtil.m */; };
		0E5998E417D08E3400F590DD /* DrawLinesView.m in Sources */ = {isa = PBXBuildFile; fileRef = 0E5998E317D08E3400F590DD /* DrawLinesView.m */; };
		0E5998EB17D090F300F590DD /* MKMapView+ZoomLevel.m in Sources */ = {isa = PBXBuildFile; fileRef = 0E5998EA17D090F300F590DD /* MKMapView+ZoomLevel.m */; };
		0E9AC9A617D5C69A00E8703E /* CoreText.framework in Frameworks */ = {isa = PBXBuildFile; fileRef = 0E9AC9A517D5C69A00E8703E /* CoreText.framework */; };
		0E9AC9A917D5C6BC00E8703E /* libz.dylib in Frameworks */ = {isa = PBXBuildFile; fileRef = 0E9AC9A817D5C6BC00E8703E /* libz.dylib */; };
		0E9AC9AB17D5C6C800E8703E /* libstdc++.dylib in Frameworks */ = {isa = PBXBuildFile; fileRef = 0E9AC9AA17D5C6C800E8703E /* libstdc++.dylib */; };
		0E9AC9AD17D5C6E700E8703E /* MobileCoreServices.framework in Frameworks */ = {isa = PBXBuildFile; fileRef = 0E9AC9AC17D5C6E700E8703E /* MobileCoreServices.framework */; };
		0E9AC9AF17D5C6F700E8703E /* libsqlite3.dylib in Frameworks */ = {isa = PBXBuildFile; fileRef = 0E9AC9AE17D5C6F700E8703E /* libsqlite3.dylib */; };
		0E9AC9B117D5C70500E8703E /* SystemConfiguration.framework in Frameworks */ = {isa = PBXBuildFile; fileRef = 0E9AC9B017D5C70500E8703E /* SystemConfiguration.framework */; };
		0E9AC9B317D5C71500E8703E /* CoreData.framework in Frameworks */ = {isa = PBXBuildFile; fileRef = 0E9AC9B217D5C71500E8703E /* CoreData.framework */; };
		0E9AC9B517D5C72200E8703E /* MessageUI.framework in Frameworks */ = {isa = PBXBuildFile; fileRef = 0E9AC9B417D5C72200E8703E /* MessageUI.framework */; };
		0E9AC9B717D5C73300E8703E /* AssetsLibrary.framework in Frameworks */ = {isa = PBXBuildFile; fileRef = 0E9AC9B617D5C73300E8703E /* AssetsLibrary.framework */; };
		0E9AC9B917D5C74600E8703E /* CFNetwork.framework in Frameworks */ = {isa = PBXBuildFile; fileRef = 0E9AC9B817D5C74600E8703E /* CFNetwork.framework */; };
		0E9AC9CC17D5CC2200E8703E /* libRTCoreService.a in Frameworks */ = {isa = PBXBuildFile; fileRef = 0E9AC9C317D5CB9700E8703E /* libRTCoreService.a */; };
		0E9AC9D817D5CE0500E8703E /* TencentOpenAPI.framework in Frameworks */ = {isa = PBXBuildFile; fileRef = 0E9AC9D717D5CE0500E8703E /* TencentOpenAPI.framework */; };
		0E9AC9DA17D5CE2F00E8703E /* Security.framework in Frameworks */ = {isa = PBXBuildFile; fileRef = 0E9AC9D917D5CE2F00E8703E /* Security.framework */; };
		0E9AC9DC17D5CE4500E8703E /* CoreTelephony.framework in Frameworks */ = {isa = PBXBuildFile; fileRef = 0E9AC9DB17D5CE4500E8703E /* CoreTelephony.framework */; };
		1A3C7170118F4E0600EE06ED /* MapKit.framework in Frameworks */ = {isa = PBXBuildFile; fileRef = 1A3C716F118F4E0600EE06ED /* MapKit.framework */; };
		1A3C7176118F4E0A00EE06ED /* CoreLocation.framework in Frameworks */ = {isa = PBXBuildFile; fileRef = 1A3C7175118F4E0A00EE06ED /* CoreLocation.framework */; };
		1A3C719D118F4EEC00EE06ED /* CrumbPath.m in Sources */ = {isa = PBXBuildFile; fileRef = 1A3C719C118F4EEC00EE06ED /* CrumbPath.m */; };
		1A3C71A7118F65C400EE06ED /* CrumbPathView.m in Sources */ = {isa = PBXBuildFile; fileRef = 1A3C71A6118F65C400EE06ED /* CrumbPathView.m */; };
		1D3623260D0F684500981E51 /* BreadcrumbAppDelegate.m in Sources */ = {isa = PBXBuildFile; fileRef = 1D3623250D0F684500981E51 /* BreadcrumbAppDelegate.m */; };
		1D60589B0D05DD56006BFB54 /* main.m in Sources */ = {isa = PBXBuildFile; fileRef = 29B97316FDCFA39411CA2CEA /* main.m */; };
		1D60589F0D05DD5A006BFB54 /* Foundation.framework in Frameworks */ = {isa = PBXBuildFile; fileRef = 1D30AB110D05D00D00671497 /* Foundation.framework */; };
		1DF5F4E00D08C38300B7A737 /* UIKit.framework in Frameworks */ = {isa = PBXBuildFile; fileRef = 1DF5F4DF0D08C38300B7A737 /* UIKit.framework */; };
		288765A50DF7441C002DB57D /* CoreGraphics.framework in Frameworks */ = {isa = PBXBuildFile; fileRef = 288765A40DF7441C002DB57D /* CoreGraphics.framework */; };
		28D7ACF80DDB3853001CB0EB /* BreadcrumbViewController.m in Sources */ = {isa = PBXBuildFile; fileRef = 28D7ACF70DDB3853001CB0EB /* BreadcrumbViewController.m */; };
		53025D4D11DD5352007F367B /* Icon-72.png in Resources */ = {isa = PBXBuildFile; fileRef = 53025D4611DD5352007F367B /* Icon-72.png */; };
		53025D4E11DD5352007F367B /* Icon-Small-50.png in Resources */ = {isa = PBXBuildFile; fileRef = 53025D4711DD5352007F367B /* Icon-Small-50.png */; };
		53025D4F11DD5352007F367B /* Icon-Small.png in Resources */ = {isa = PBXBuildFile; fileRef = 53025D4811DD5352007F367B /* Icon-Small.png */; };
		53025D5011DD5352007F367B /* Icon-Small@2x.png in Resources */ = {isa = PBXBuildFile; fileRef = 53025D4911DD5352007F367B /* Icon-Small@2x.png */; };
		53025D5111DD5352007F367B /* Icon.png in Resources */ = {isa = PBXBuildFile; fileRef = 53025D4A11DD5352007F367B /* Icon.png */; };
		53025D5211DD5352007F367B /* Icon@2x.png in Resources */ = {isa = PBXBuildFile; fileRef = 53025D4B11DD5352007F367B /* Icon@2x.png */; };
		53025D5311DD5352007F367B /* iTunesArtwork in Resources */ = {isa = PBXBuildFile; fileRef = 53025D4C11DD5352007F367B /* iTunesArtwork */; };
		537DEEB7124820F8003DF1C9 /* Hero.aiff in Resources */ = {isa = PBXBuildFile; fileRef = 537DEEB6124820F8003DF1C9 /* Hero.aiff */; };
		537E51241635D7FD003EA7BA /* Default-568h@2x.png in Resources */ = {isa = PBXBuildFile; fileRef = 537E51211635D7FD003EA7BA /* Default-568h@2x.png */; };
		537E51251635D7FD003EA7BA /* Default.png in Resources */ = {isa = PBXBuildFile; fileRef = 537E51221635D7FD003EA7BA /* Default.png */; };
		537E51261635D7FD003EA7BA /* Default@2x.png in Resources */ = {isa = PBXBuildFile; fileRef = 537E51231635D7FD003EA7BA /* Default@2x.png */; };
		53A6574011DBF7F900BEC507 /* BreadcrumbViewController.xib in Resources */ = {isa = PBXBuildFile; fileRef = 53A6573C11DBF7F900BEC507 /* BreadcrumbViewController.xib */; };
		53A6574111DBF7F900BEC507 /* MainWindow.xib in Resources */ = {isa = PBXBuildFile; fileRef = 53A6573E11DBF7F900BEC507 /* MainWindow.xib */; };
		53DEB89F1249591200860C26 /* AVFoundation.framework in Frameworks */ = {isa = PBXBuildFile; fileRef = 53DEB89E1249591200860C26 /* AVFoundation.framework */; };
		53DEB8A71249592A00860C26 /* AudioToolbox.framework in Frameworks */ = {isa = PBXBuildFile; fileRef = 53DEB8A61249592A00860C26 /* AudioToolbox.framework */; };
/* End PBXBuildFile section */

/* Begin PBXContainerItemProxy section */
		0E9AC9C217D5CB9700E8703E /* PBXContainerItemProxy */ = {
			isa = PBXContainerItemProxy;
			containerPortal = 0E9AC9BD17D5CB9700E8703E /* RTCoreService.xcodeproj */;
			proxyType = 2;
			remoteGlobalIDString = 57411EEA16E586C600C20452;
			remoteInfo = RTCoreService;
		};
		0E9AC9C817D5CBBC00E8703E /* PBXContainerItemProxy */ = {
			isa = PBXContainerItemProxy;
			containerPortal = 0E9AC9BD17D5CB9700E8703E /* RTCoreService.xcodeproj */;
			proxyType = 1;
			remoteGlobalIDString = 57411EE916E586C600C20452;
			remoteInfo = RTCoreService;
		};
/* End PBXContainerItemProxy section */

/* Begin PBXFileReference section */
		0E0F199317D71A8D00F30B99 /* CommViewController.h */ = {isa = PBXFileReference; fileEncoding = 4; lastKnownFileType = sourcecode.c.h; path = CommViewController.h; sourceTree = "<group>"; };
		0E0F199417D71A8D00F30B99 /* CommViewController.m */ = {isa = PBXFileReference; fileEncoding = 4; lastKnownFileType = sourcecode.c.objc; path = CommViewController.m; sourceTree = "<group>"; };
		0E0F199517D71A8D00F30B99 /* CommViewController.xib */ = {isa = PBXFileReference; fileEncoding = 4; lastKnownFileType = file.xib; path = CommViewController.xib; sourceTree = "<group>"; };
		0E0F199917D7212600F30B99 /* button@2x.png */ = {isa = PBXFileReference; lastKnownFileType = image.png; path = "button@2x.png"; sourceTree = "<group>"; };
		0E0F199B17D7213E00F30B99 /* button.png */ = {isa = PBXFileReference; lastKnownFileType = image.png; path = button.png; sourceTree = "<group>"; };
		0E52C62C17D5E1EB00F8D16D /* BigMapAnnotation.h */ = {isa = PBXFileReference; fileEncoding = 4; lastKnownFileType = sourcecode.c.h; path = BigMapAnnotation.h; sourceTree = "<group>"; };
		0E52C62D17D5E1EB00F8D16D /* BigMapAnnotation.m */ = {isa = PBXFileReference; fileEncoding = 4; lastKnownFileType = sourcecode.c.objc; path = BigMapAnnotation.m; sourceTree = "<group>"; };
		0E52C63017D5E42400F8D16D /* UIUtil.h */ = {isa = PBXFileReference; fileEncoding = 4; lastKnownFileType = sourcecode.c.h; path = UIUtil.h; sourceTree = "<group>"; };
		0E52C63117D5E42400F8D16D /* UIUtil.m */ = {isa = PBXFileReference; fileEncoding = 4; lastKnownFileType = sourcecode.c.objc; path = UIUtil.m; sourceTree = "<group>"; };
		0E5998E217D08E3400F590DD /* DrawLinesView.h */ = {isa = PBXFileReference; fileEncoding = 4; lastKnownFileType = sourcecode.c.h; path = DrawLinesView.h; sourceTree = "<group>"; };
		0E5998E317D08E3400F590DD /* DrawLinesView.m */ = {isa = PBXFileReference; fileEncoding = 4; lastKnownFileType = sourcecode.c.objc; path = DrawLinesView.m; sourceTree = "<group>"; };
		0E5998E917D090F300F590DD /* MKMapView+ZoomLevel.h */ = {isa = PBXFileReference; fileEncoding = 4; lastKnownFileType = sourcecode.c.h; path = "MKMapView+ZoomLevel.h"; sourceTree = "<group>"; };
		0E5998EA17D090F300F590DD /* MKMapView+ZoomLevel.m */ = {isa = PBXFileReference; fileEncoding = 4; lastKnownFileType = sourcecode.c.objc; path = "MKMapView+ZoomLevel.m"; sourceTree = "<group>"; };
		0E9AC9A317D5C59B00E8703E /* libRTApiProxy.a */ = {isa = PBXFileReference; lastKnownFileType = archive.ar; name = libRTApiProxy.a; path = "../../../Library/Developer/Xcode/DerivedData/Breadcrumb-hbxunvmmggbcqtcdkpatfdkokgsv/Build/Products/Debug-iphoneos/libRTApiProxy.a"; sourceTree = "<group>"; };
		0E9AC9A517D5C69A00E8703E /* CoreText.framework */ = {isa = PBXFileReference; lastKnownFileType = wrapper.framework; name = CoreText.framework; path = System/Library/Frameworks/CoreText.framework; sourceTree = SDKROOT; };
		0E9AC9A817D5C6BC00E8703E /* libz.dylib */ = {isa = PBXFileReference; lastKnownFileType = "compiled.mach-o.dylib"; name = libz.dylib; path = usr/lib/libz.dylib; sourceTree = SDKROOT; };
		0E9AC9AA17D5C6C800E8703E /* libstdc++.dylib */ = {isa = PBXFileReference; lastKnownFileType = "compiled.mach-o.dylib"; name = "libstdc++.dylib"; path = "usr/lib/libstdc++.dylib"; sourceTree = SDKROOT; };
		0E9AC9AC17D5C6E700E8703E /* MobileCoreServices.framework */ = {isa = PBXFileReference; lastKnownFileType = wrapper.framework; name = MobileCoreServices.framework; path = System/Library/Frameworks/MobileCoreServices.framework; sourceTree = SDKROOT; };
		0E9AC9AE17D5C6F700E8703E /* libsqlite3.dylib */ = {isa = PBXFileReference; lastKnownFileType = "compiled.mach-o.dylib"; name = libsqlite3.dylib; path = usr/lib/libsqlite3.dylib; sourceTree = SDKROOT; };
		0E9AC9B017D5C70500E8703E /* SystemConfiguration.framework */ = {isa = PBXFileReference; lastKnownFileType = wrapper.framework; name = SystemConfiguration.framework; path = System/Library/Frameworks/SystemConfiguration.framework; sourceTree = SDKROOT; };
		0E9AC9B217D5C71500E8703E /* CoreData.framework */ = {isa = PBXFileReference; lastKnownFileType = wrapper.framework; name = CoreData.framework; path = System/Library/Frameworks/CoreData.framework; sourceTree = SDKROOT; };
		0E9AC9B417D5C72200E8703E /* MessageUI.framework */ = {isa = PBXFileReference; lastKnownFileType = wrapper.framework; name = MessageUI.framework; path = System/Library/Frameworks/MessageUI.framework; sourceTree = SDKROOT; };
		0E9AC9B617D5C73300E8703E /* AssetsLibrary.framework */ = {isa = PBXFileReference; lastKnownFileType = wrapper.framework; name = AssetsLibrary.framework; path = System/Library/Frameworks/AssetsLibrary.framework; sourceTree = SDKROOT; };
		0E9AC9B817D5C74600E8703E /* CFNetwork.framework */ = {isa = PBXFileReference; lastKnownFileType = wrapper.framework; name = CFNetwork.framework; path = System/Library/Frameworks/CFNetwork.framework; sourceTree = SDKROOT; };
		0E9AC9BD17D5CB9700E8703E /* RTCoreService.xcodeproj */ = {isa = PBXFileReference; lastKnownFileType = "wrapper.pb-project"; name = RTCoreService.xcodeproj; path = ../RTCoreService/RTCoreService.xcodeproj; sourceTree = "<group>"; };
		0E9AC9D717D5CE0500E8703E /* TencentOpenAPI.framework */ = {isa = PBXFileReference; lastKnownFileType = wrapper.framework; name = TencentOpenAPI.framework; path = ../RTCoreService/RTCoreService/RT3rdSDK/TencentSDK/TencentOpenAPI.framework; sourceTree = "<group>"; };
		0E9AC9D917D5CE2F00E8703E /* Security.framework */ = {isa = PBXFileReference; lastKnownFileType = wrapper.framework; name = Security.framework; path = System/Library/Frameworks/Security.framework; sourceTree = SDKROOT; };
		0E9AC9DB17D5CE4500E8703E /* CoreTelephony.framework */ = {isa = PBXFileReference; lastKnownFileType = wrapper.framework; name = CoreTelephony.framework; path = System/Library/Frameworks/CoreTelephony.framework; sourceTree = SDKROOT; };
		1A3C716F118F4E0600EE06ED /* MapKit.framework */ = {isa = PBXFileReference; lastKnownFileType = wrapper.framework; name = MapKit.framework; path = System/Library/Frameworks/MapKit.framework; sourceTree = SDKROOT; };
		1A3C7175118F4E0A00EE06ED /* CoreLocation.framework */ = {isa = PBXFileReference; lastKnownFileType = wrapper.framework; name = CoreLocation.framework; path = System/Library/Frameworks/CoreLocation.framework; sourceTree = SDKROOT; };
		1A3C719B118F4EEC00EE06ED /* CrumbPath.h */ = {isa = PBXFileReference; fileEncoding = 4; lastKnownFileType = sourcecode.c.h; path = CrumbPath.h; sourceTree = "<group>"; };
		1A3C719C118F4EEC00EE06ED /* CrumbPath.m */ = {isa = PBXFileReference; fileEncoding = 4; lastKnownFileType = sourcecode.c.objc; path = CrumbPath.m; sourceTree = "<group>"; };
		1A3C71A5118F65C400EE06ED /* CrumbPathView.h */ = {isa = PBXFileReference; fileEncoding = 4; lastKnownFileType = sourcecode.c.h; path = CrumbPathView.h; sourceTree = "<group>"; };
		1A3C71A6118F65C400EE06ED /* CrumbPathView.m */ = {isa = PBXFileReference; fileEncoding = 4; lastKnownFileType = sourcecode.c.objc; path = CrumbPathView.m; sourceTree = "<group>"; };
		1D30AB110D05D00D00671497 /* Foundation.framework */ = {isa = PBXFileReference; lastKnownFileType = wrapper.framework; name = Foundation.framework; path = System/Library/Frameworks/Foundation.framework; sourceTree = SDKROOT; };
		1D3623240D0F684500981E51 /* BreadcrumbAppDelegate.h */ = {isa = PBXFileReference; fileEncoding = 4; lastKnownFileType = sourcecode.c.h; path = BreadcrumbAppDelegate.h; sourceTree = "<group>"; };
		1D3623250D0F684500981E51 /* BreadcrumbAppDelegate.m */ = {isa = PBXFileReference; fileEncoding = 4; lastKnownFileType = sourcecode.c.objc; path = BreadcrumbAppDelegate.m; sourceTree = "<group>"; };
		1D6058910D05DD3D006BFB54 /* Breadcrumb.app */ = {isa = PBXFileReference; explicitFileType = wrapper.application; includeInIndex = 0; path = Breadcrumb.app; sourceTree = BUILT_PRODUCTS_DIR; };
		1DF5F4DF0D08C38300B7A737 /* UIKit.framework */ = {isa = PBXFileReference; lastKnownFileType = wrapper.framework; name = UIKit.framework; path = System/Library/Frameworks/UIKit.framework; sourceTree = SDKROOT; };
		288765A40DF7441C002DB57D /* CoreGraphics.framework */ = {isa = PBXFileReference; lastKnownFileType = wrapper.framework; name = CoreGraphics.framework; path = System/Library/Frameworks/CoreGraphics.framework; sourceTree = SDKROOT; };
		28D7ACF60DDB3853001CB0EB /* BreadcrumbViewController.h */ = {isa = PBXFileReference; fileEncoding = 4; lastKnownFileType = sourcecode.c.h; path = BreadcrumbViewController.h; sourceTree = "<group>"; };
		28D7ACF70DDB3853001CB0EB /* BreadcrumbViewController.m */ = {isa = PBXFileReference; fileEncoding = 4; lastKnownFileType = sourcecode.c.objc; path = BreadcrumbViewController.m; sourceTree = "<group>"; };
		29B97316FDCFA39411CA2CEA /* main.m */ = {isa = PBXFileReference; fileEncoding = 4; lastKnownFileType = sourcecode.c.objc; path = main.m; sourceTree = "<group>"; };
		32CA4F630368D1EE00C91783 /* Breadcrumb_Prefix.pch */ = {isa = PBXFileReference; fileEncoding = 4; lastKnownFileType = sourcecode.c.h; path = Breadcrumb_Prefix.pch; sourceTree = "<group>"; };
		53025D4611DD5352007F367B /* Icon-72.png */ = {isa = PBXFileReference; lastKnownFileType = image.png; path = "Icon-72.png"; sourceTree = "<group>"; };
		53025D4711DD5352007F367B /* Icon-Small-50.png */ = {isa = PBXFileReference; lastKnownFileType = image.png; path = "Icon-Small-50.png"; sourceTree = "<group>"; };
		53025D4811DD5352007F367B /* Icon-Small.png */ = {isa = PBXFileReference; lastKnownFileType = image.png; path = "Icon-Small.png"; sourceTree = "<group>"; };
		53025D4911DD5352007F367B /* Icon-Small@2x.png */ = {isa = PBXFileReference; lastKnownFileType = image.png; path = "Icon-Small@2x.png"; sourceTree = "<group>"; };
		53025D4A11DD5352007F367B /* Icon.png */ = {isa = PBXFileReference; lastKnownFileType = image.png; path = Icon.png; sourceTree = "<group>"; };
		53025D4B11DD5352007F367B /* Icon@2x.png */ = {isa = PBXFileReference; lastKnownFileType = image.png; path = "Icon@2x.png"; sourceTree = "<group>"; };
		53025D4C11DD5352007F367B /* iTunesArtwork */ = {isa = PBXFileReference; lastKnownFileType = file; path = iTunesArtwork; sourceTree = "<group>"; };
		532F37D4121C38EB0025B0F4 /* ReadMe.txt */ = {isa = PBXFileReference; fileEncoding = 4; lastKnownFileType = text; path = ReadMe.txt; sourceTree = "<group>"; };
		537DEEB6124820F8003DF1C9 /* Hero.aiff */ = {isa = PBXFileReference; lastKnownFileType = audio.aiff; path = Hero.aiff; sourceTree = "<group>"; };
		537E51211635D7FD003EA7BA /* Default-568h@2x.png */ = {isa = PBXFileReference; lastKnownFileType = image.png; path = "Default-568h@2x.png"; sourceTree = "<group>"; };
		537E51221635D7FD003EA7BA /* Default.png */ = {isa = PBXFileReference; lastKnownFileType = image.png; path = Default.png; sourceTree = "<group>"; };
		537E51231635D7FD003EA7BA /* Default@2x.png */ = {isa = PBXFileReference; lastKnownFileType = image.png; path = "Default@2x.png"; sourceTree = "<group>"; };
		53A6573D11DBF7F900BEC507 /* en */ = {isa = PBXFileReference; lastKnownFileType = file.xib; name = en; path = en.lproj/BreadcrumbViewController.xib; sourceTree = "<group>"; };
		53A6573F11DBF7F900BEC507 /* en */ = {isa = PBXFileReference; lastKnownFileType = file.xib; name = en; path = en.lproj/MainWindow.xib; sourceTree = "<group>"; };
		53DEB89E1249591200860C26 /* AVFoundation.framework */ = {isa = PBXFileReference; lastKnownFileType = wrapper.framework; name = AVFoundation.framework; path = System/Library/Frameworks/AVFoundation.framework; sourceTree = SDKROOT; };
		53DEB8A61249592A00860C26 /* AudioToolbox.framework */ = {isa = PBXFileReference; lastKnownFileType = wrapper.framework; name = AudioToolbox.framework; path = System/Library/Frameworks/AudioToolbox.framework; sourceTree = SDKROOT; };
		8D1107310486CEB800E47090 /* Breadcrumb-Info.plist */ = {isa = PBXFileReference; fileEncoding = 4; lastKnownFileType = text.plist.xml; path = "Breadcrumb-Info.plist"; plistStructureDefinitionIdentifier = "com.apple.xcode.plist.structure-definition.iphone.info-plist"; sourceTree = "<group>"; };
/* End PBXFileReference section */

/* Begin PBXFrameworksBuildPhase section */
		1D60588F0D05DD3D006BFB54 /* Frameworks */ = {
			isa = PBXFrameworksBuildPhase;
			buildActionMask = 2147483647;
			files = (
				0E9AC9DC17D5CE4500E8703E /* CoreTelephony.framework in Frameworks */,
				0E9AC9DA17D5CE2F00E8703E /* Security.framework in Frameworks */,
				0E9AC9D817D5CE0500E8703E /* TencentOpenAPI.framework in Frameworks */,
				0E9AC9CC17D5CC2200E8703E /* libRTCoreService.a in Frameworks */,
				0E9AC9B917D5C74600E8703E /* CFNetwork.framework in Frameworks */,
				0E9AC9B717D5C73300E8703E /* AssetsLibrary.framework in Frameworks */,
				0E9AC9B517D5C72200E8703E /* MessageUI.framework in Frameworks */,
				0E9AC9B317D5C71500E8703E /* CoreData.framework in Frameworks */,
				0E9AC9B117D5C70500E8703E /* SystemConfiguration.framework in Frameworks */,
				0E9AC9AF17D5C6F700E8703E /* libsqlite3.dylib in Frameworks */,
				0E9AC9AD17D5C6E700E8703E /* MobileCoreServices.framework in Frameworks */,
				0E9AC9AB17D5C6C800E8703E /* libstdc++.dylib in Frameworks */,
				0E9AC9A917D5C6BC00E8703E /* libz.dylib in Frameworks */,
				0E9AC9A617D5C69A00E8703E /* CoreText.framework in Frameworks */,
				1D60589F0D05DD5A006BFB54 /* Foundation.framework in Frameworks */,
				1DF5F4E00D08C38300B7A737 /* UIKit.framework in Frameworks */,
				288765A50DF7441C002DB57D /* CoreGraphics.framework in Frameworks */,
				1A3C7170118F4E0600EE06ED /* MapKit.framework in Frameworks */,
				1A3C7176118F4E0A00EE06ED /* CoreLocation.framework in Frameworks */,
				53DEB89F1249591200860C26 /* AVFoundation.framework in Frameworks */,
				53DEB8A71249592A00860C26 /* AudioToolbox.framework in Frameworks */,
			);
			runOnlyForDeploymentPostprocessing = 0;
		};
/* End PBXFrameworksBuildPhase section */

/* Begin PBXGroup section */
		080E96DDFE201D6D7F000001 /* Classes */ = {
			isa = PBXGroup;
			children = (
				0E52C63017D5E42400F8D16D /* UIUtil.h */,
				0E52C63117D5E42400F8D16D /* UIUtil.m */,
				0E52C62C17D5E1EB00F8D16D /* BigMapAnnotation.h */,
				0E52C62D17D5E1EB00F8D16D /* BigMapAnnotation.m */,
				1A3C719E118F527000EE06ED /* Overlay */,
				0E5998E917D090F300F590DD /* MKMapView+ZoomLevel.h */,
				0E5998EA17D090F300F590DD /* MKMapView+ZoomLevel.m */,
				0E5998E217D08E3400F590DD /* DrawLinesView.h */,
				0E5998E317D08E3400F590DD /* DrawLinesView.m */,
				1D3623240D0F684500981E51 /* BreadcrumbAppDelegate.h */,
				1D3623250D0F684500981E51 /* BreadcrumbAppDelegate.m */,
				28D7ACF60DDB3853001CB0EB /* BreadcrumbViewController.h */,
				28D7ACF70DDB3853001CB0EB /* BreadcrumbViewController.m */,
				0E0F199317D71A8D00F30B99 /* CommViewController.h */,
				0E0F199417D71A8D00F30B99 /* CommViewController.m */,
				0E0F199517D71A8D00F30B99 /* CommViewController.xib */,
			);
			path = Classes;
			sourceTree = "<group>";
		};
		0E9AC9BE17D5CB9700E8703E /* Products */ = {
			isa = PBXGroup;
			children = (
				0E9AC9C317D5CB9700E8703E /* libRTCoreService.a */,
			);
			name = Products;
			sourceTree = "<group>";
		};
		19C28FACFE9D520D11CA2CBB /* Products */ = {
			isa = PBXGroup;
			children = (
				1D6058910D05DD3D006BFB54 /* Breadcrumb.app */,
			);
			name = Products;
			sourceTree = "<group>";
		};
		1A3C719E118F527000EE06ED /* Overlay */ = {
			isa = PBXGroup;
			children = (
				1A3C719B118F4EEC00EE06ED /* CrumbPath.h */,
				1A3C719C118F4EEC00EE06ED /* CrumbPath.m */,
				1A3C71A5118F65C400EE06ED /* CrumbPathView.h */,
				1A3C71A6118F65C400EE06ED /* CrumbPathView.m */,
			);
			name = Overlay;
			sourceTree = "<group>";
		};
		29B97314FDCFA39411CA2CEA /* CustomTemplate */ = {
			isa = PBXGroup;
			children = (
				0E9AC9DB17D5CE4500E8703E /* CoreTelephony.framework */,
				0E9AC9D917D5CE2F00E8703E /* Security.framework */,
				0E9AC9D717D5CE0500E8703E /* TencentOpenAPI.framework */,
				0E9AC9BD17D5CB9700E8703E /* RTCoreService.xcodeproj */,
				532F37D4121C38EB0025B0F4 /* ReadMe.txt */,
				080E96DDFE201D6D7F000001 /* Classes */,
				29B97315FDCFA39411CA2CEA /* Other Sources */,
				29B97317FDCFA39411CA2CEA /* Resources */,
				29B97323FDCFA39411CA2CEA /* Frameworks */,
				19C28FACFE9D520D11CA2CBB /* Products */,
			);
			name = CustomTemplate;
			sourceTree = "<group>";
		};
		29B97315FDCFA39411CA2CEA /* Other Sources */ = {
			isa = PBXGroup;
			children = (
				32CA4F630368D1EE00C91783 /* Breadcrumb_Prefix.pch */,
				29B97316FDCFA39411CA2CEA /* main.m */,
			);
			name = "Other Sources";
			sourceTree = "<group>";
		};
		29B97317FDCFA39411CA2CEA /* Resources */ = {
			isa = PBXGroup;
			children = (
				537DEEB6124820F8003DF1C9 /* Hero.aiff */,
				8D1107310486CEB800E47090 /* Breadcrumb-Info.plist */,
				53025D4511DD5352007F367B /* images */,
				53A6573C11DBF7F900BEC507 /* BreadcrumbViewController.xib */,
				53A6573E11DBF7F900BEC507 /* MainWindow.xib */,
			);
			name = Resources;
			sourceTree = "<group>";
		};
		29B97323FDCFA39411CA2CEA /* Frameworks */ = {
			isa = PBXGroup;
			children = (
				0E9AC9AE17D5C6F700E8703E /* libsqlite3.dylib */,
				0E9AC9AA17D5C6C800E8703E /* libstdc++.dylib */,
				0E9AC9A817D5C6BC00E8703E /* libz.dylib */,
				0E9AC9A317D5C59B00E8703E /* libRTApiProxy.a */,
				0E9AC9B817D5C74600E8703E /* CFNetwork.framework */,
				0E9AC9B617D5C73300E8703E /* AssetsLibrary.framework */,
				0E9AC9B417D5C72200E8703E /* MessageUI.framework */,
				0E9AC9B217D5C71500E8703E /* CoreData.framework */,
				0E9AC9B017D5C70500E8703E /* SystemConfiguration.framework */,
				0E9AC9AC17D5C6E700E8703E /* MobileCoreServices.framework */,
				0E9AC9A517D5C69A00E8703E /* CoreText.framework */,
				1A3C716F118F4E0600EE06ED /* MapKit.framework */,
				1A3C7175118F4E0A00EE06ED /* CoreLocation.framework */,
				1DF5F4DF0D08C38300B7A737 /* UIKit.framework */,
				1D30AB110D05D00D00671497 /* Foundation.framework */,
				288765A40DF7441C002DB57D /* CoreGraphics.framework */,
				53DEB89E1249591200860C26 /* AVFoundation.framework */,
				53DEB8A61249592A00860C26 /* AudioToolbox.framework */,
			);
			name = Frameworks;
			sourceTree = "<group>";
		};
		53025D4511DD5352007F367B /* images */ = {
			isa = PBXGroup;
			children = (
				0E0F199B17D7213E00F30B99 /* button.png */,
				0E0F199917D7212600F30B99 /* button@2x.png */,
				537E51211635D7FD003EA7BA /* Default-568h@2x.png */,
				537E51221635D7FD003EA7BA /* Default.png */,
				537E51231635D7FD003EA7BA /* Default@2x.png */,
				53025D4611DD5352007F367B /* Icon-72.png */,
				53025D4711DD5352007F367B /* Icon-Small-50.png */,
				53025D4811DD5352007F367B /* Icon-Small.png */,
				53025D4911DD5352007F367B /* Icon-Small@2x.png */,
				53025D4A11DD5352007F367B /* Icon.png */,
				53025D4B11DD5352007F367B /* Icon@2x.png */,
				53025D4C11DD5352007F367B /* iTunesArtwork */,
			);
			path = images;
			sourceTree = "<group>";
		};
/* End PBXGroup section */

/* Begin PBXNativeTarget section */
		1D6058900D05DD3D006BFB54 /* Breadcrumb */ = {
			isa = PBXNativeTarget;
			buildConfigurationList = 1D6058960D05DD3E006BFB54 /* Build configuration list for PBXNativeTarget "Breadcrumb" */;
			buildPhases = (
				1D60588D0D05DD3D006BFB54 /* Resources */,
				1D60588E0D05DD3D006BFB54 /* Sources */,
				1D60588F0D05DD3D006BFB54 /* Frameworks */,
			);
			buildRules = (
			);
			dependencies = (
				0E9AC9C917D5CBBC00E8703E /* PBXTargetDependency */,
			);
			name = Breadcrumb;
			productName = Breadcrumb;
			productReference = 1D6058910D05DD3D006BFB54 /* Breadcrumb.app */;
			productType = "com.apple.product-type.application";
		};
/* End PBXNativeTarget section */

/* Begin PBXProject section */
		29B97313FDCFA39411CA2CEA /* Project object */ = {
			isa = PBXProject;
			attributes = {
				LastUpgradeCheck = 0420;
			};
			buildConfigurationList = C01FCF4E08A954540054247B /* Build configuration list for PBXProject "Breadcrumb" */;
			compatibilityVersion = "Xcode 3.2";
			developmentRegion = English;
			hasScannedForEncodings = 1;
			knownRegions = (
				English,
				Japanese,
				French,
				German,
				en,
			);
			mainGroup = 29B97314FDCFA39411CA2CEA /* CustomTemplate */;
			projectDirPath = "";
			projectReferences = (
				{
					ProductGroup = 0E9AC9BE17D5CB9700E8703E /* Products */;
					ProjectRef = 0E9AC9BD17D5CB9700E8703E /* RTCoreService.xcodeproj */;
				},
			);
			projectRoot = "";
			targets = (
				1D6058900D05DD3D006BFB54 /* Breadcrumb */,
			);
		};
/* End PBXProject section */

/* Begin PBXReferenceProxy section */
		0E9AC9C317D5CB9700E8703E /* libRTCoreService.a */ = {
			isa = PBXReferenceProxy;
			fileType = archive.ar;
			path = libRTCoreService.a;
			remoteRef = 0E9AC9C217D5CB9700E8703E /* PBXContainerItemProxy */;
			sourceTree = BUILT_PRODUCTS_DIR;
		};
/* End PBXReferenceProxy section */

/* Begin PBXResourcesBuildPhase section */
		1D60588D0D05DD3D006BFB54 /* Resources */ = {
			isa = PBXResourcesBuildPhase;
			buildActionMask = 2147483647;
			files = (
				53A6574011DBF7F900BEC507 /* BreadcrumbViewController.xib in Resources */,
				53A6574111DBF7F900BEC507 /* MainWindow.xib in Resources */,
				53025D4D11DD5352007F367B /* Icon-72.png in Resources */,
				53025D4E11DD5352007F367B /* Icon-Small-50.png in Resources */,
				53025D4F11DD5352007F367B /* Icon-Small.png in Resources */,
				53025D5011DD5352007F367B /* Icon-Small@2x.png in Resources */,
				53025D5111DD5352007F367B /* Icon.png in Resources */,
				53025D5211DD5352007F367B /* Icon@2x.png in Resources */,
				53025D5311DD5352007F367B /* iTunesArtwork in Resources */,
				537DEEB7124820F8003DF1C9 /* Hero.aiff in Resources */,
				537E51241635D7FD003EA7BA /* Default-568h@2x.png in Resources */,
				537E51251635D7FD003EA7BA /* Default.png in Resources */,
				537E51261635D7FD003EA7BA /* Default@2x.png in Resources */,
				0E0F199717D71A8D00F30B99 /* CommViewController.xib in Resources */,
				0E0F199A17D7212600F30B99 /* button@2x.png in Resources */,
				0E0F199C17D7213E00F30B99 /* button.png in Resources */,
			);
			runOnlyForDeploymentPostprocessing = 0;
		};
/* End PBXResourcesBuildPhase section */

/* Begin PBXSourcesBuildPhase section */
		1D60588E0D05DD3D006BFB54 /* Sources */ = {
			isa = PBXSourcesBuildPhase;
			buildActionMask = 2147483647;
			files = (
				1D60589B0D05DD56006BFB54 /* main.m in Sources */,
				1D3623260D0F684500981E51 /* BreadcrumbAppDelegate.m in Sources */,
				28D7ACF80DDB3853001CB0EB /* BreadcrumbViewController.m in Sources */,
				1A3C719D118F4EEC00EE06ED /* CrumbPath.m in Sources */,
				1A3C71A7118F65C400EE06ED /* CrumbPathView.m in Sources */,
				0E5998E417D08E3400F590DD /* DrawLinesView.m in Sources */,
				0E5998EB17D090F300F590DD /* MKMapView+ZoomLevel.m in Sources */,
				0E52C62E17D5E1EB00F8D16D /* BigMapAnnotation.m in Sources */,
				0E52C63217D5E42400F8D16D /* UIUtil.m in Sources */,
				0E0F199617D71A8D00F30B99 /* CommViewController.m in Sources */,
			);
			runOnlyForDeploymentPostprocessing = 0;
		};
/* End PBXSourcesBuildPhase section */

/* Begin PBXTargetDependency section */
		0E9AC9C917D5CBBC00E8703E /* PBXTargetDependency */ = {
			isa = PBXTargetDependency;
			name = RTCoreService;
			targetProxy = 0E9AC9C817D5CBBC00E8703E /* PBXContainerItemProxy */;
		};
/* End PBXTargetDependency section */

/* Begin PBXVariantGroup section */
		53A6573C11DBF7F900BEC507 /* BreadcrumbViewController.xib */ = {
			isa = PBXVariantGroup;
			children = (
				53A6573D11DBF7F900BEC507 /* en */,
			);
			name = BreadcrumbViewController.xib;
			sourceTree = "<group>";
		};
		53A6573E11DBF7F900BEC507 /* MainWindow.xib */ = {
			isa = PBXVariantGroup;
			children = (
				53A6573F11DBF7F900BEC507 /* en */,
			);
			name = MainWindow.xib;
			sourceTree = "<group>";
		};
/* End PBXVariantGroup section */

/* Begin XCBuildConfiguration section */
		1D6058940D05DD3E006BFB54 /* Debug */ = {
			isa = XCBuildConfiguration;
			buildSettings = {
				ALWAYS_SEARCH_USER_PATHS = NO;
				CLANG_ENABLE_OBJC_ARC = YES;
				CODE_SIGN_IDENTITY = "iPhone Developer";
				"CODE_SIGN_IDENTITY[sdk=iphoneos*]" = "iPhone Developer";
				COPY_PHASE_STRIP = NO;
				FRAMEWORK_SEARCH_PATHS = "\"$(SRCROOT)/../RTCoreService/RTCoreService/RT3rdSDK/TencentSDK\"";
				GCC_DYNAMIC_NO_PIC = NO;
				GCC_OPTIMIZATION_LEVEL = 0;
				GCC_PRECOMPILE_PREFIX_HEADER = YES;
				GCC_PREFIX_HEADER = Breadcrumb_Prefix.pch;
				HEADER_SEARCH_PATHS = (
					"$(PROJECT_DIR)/../RT3rdShare/**",
					"$(PROJECT_DIR)/../UIComponents/**",
					"$(PROJECT_DIR)/../RTApiProxy/**",
					"$(PROJECT_DIR)/../RTNetwork/**",
					"$(PROJECT_DIR)/../RTCoreService/**",
				);
				INFOPLIST_FILE = "Breadcrumb-Info.plist";
				IPHONEOS_DEPLOYMENT_TARGET = 5.0;
				LIBRARY_SEARCH_PATHS = (
					"$(inherited)",
					"\"$(SRCROOT)/../../../Library/Developer/Xcode/DerivedData/Breadcrumb-hbxunvmmggbcqtcdkpatfdkokgsv/Build/Products/Debug-iphoneos\"",
				);
				OTHER_LDFLAGS = (
					"-ObjC",
					"-all_load",
				);
				PRODUCT_NAME = Breadcrumb;
				PROVISIONING_PROFILE = "";
				"PROVISIONING_PROFILE[sdk=iphoneos*]" = "";
				USER_HEADER_SEARCH_PATHS = "";
			};
			name = Debug;
		};
		1D6058950D05DD3E006BFB54 /* Release */ = {
			isa = XCBuildConfiguration;
			buildSettings = {
				ALWAYS_SEARCH_USER_PATHS = NO;
				CLANG_ENABLE_OBJC_ARC = YES;
				CODE_SIGN_IDENTITY = "iPhone Developer";
				"CODE_SIGN_IDENTITY[sdk=iphoneos*]" = "iPhone Developer";
				COPY_PHASE_STRIP = YES;
				FRAMEWORK_SEARCH_PATHS = "\"$(SRCROOT)/../RTCoreService/RTCoreService/RT3rdSDK/TencentSDK\"";
				GCC_PRECOMPILE_PREFIX_HEADER = YES;
				GCC_PREFIX_HEADER = Breadcrumb_Prefix.pch;
				HEADER_SEARCH_PATHS = (
					"$(PROJECT_DIR)/../RT3rdShare/**",
					"$(PROJECT_DIR)/../UIComponents/**",
					"$(PROJECT_DIR)/../RTApiProxy/**",
					"$(PROJECT_DIR)/../RTNetwork/**",
					"$(PROJECT_DIR)/../RTCoreService/**",
				);
				INFOPLIST_FILE = "Breadcrumb-Info.plist";
				IPHONEOS_DEPLOYMENT_TARGET = 5.0;
				LIBRARY_SEARCH_PATHS = (
					"$(inherited)",
					"\"$(SRCROOT)/../../../Library/Developer/Xcode/DerivedData/Breadcrumb-hbxunvmmggbcqtcdkpatfdkokgsv/Build/Products/Debug-iphoneos\"",
				);
				OTHER_LDFLAGS = (
					"-ObjC",
					"-all_load",
				);
				PRODUCT_NAME = Breadcrumb;
				PROVISIONING_PROFILE = "";
				"PROVISIONING_PROFILE[sdk=iphoneos*]" = "";
				VALIDATE_PRODUCT = YES;
			};
			name = Release;
		};
		C01FCF4F08A954540054247B /* Debug */ = {
			isa = XCBuildConfiguration;
			buildSettings = {
				ARCHS = "$(ARCHS_STANDARD_32_BIT)";
				CLANG_WARN__DUPLICATE_METHOD_MATCH = YES;
				CODE_SIGN_IDENTITY = "iPhone Developer: Keith Mortensen (3474T83TD2)";
				"CODE_SIGN_IDENTITY[sdk=iphoneos*]" = "iPhone Developer: Keith Mortensen (3474T83TD2)";
				GCC_C_LANGUAGE_STANDARD = c99;
				GCC_TREAT_WARNINGS_AS_ERRORS = YES;
				GCC_WARN_64_TO_32_BIT_CONVERSION = YES;
				GCC_WARN_ABOUT_MISSING_FIELD_INITIALIZERS = YES;
				GCC_WARN_ABOUT_RETURN_TYPE = YES;
				GCC_WARN_CHECK_SWITCH_STATEMENTS = YES;
				GCC_WARN_INITIALIZER_NOT_FULLY_BRACKETED = YES;
				GCC_WARN_MISSING_PARENTHESES = YES;
				GCC_WARN_SHADOW = YES;
				GCC_WARN_SIGN_COMPARE = YES;
				GCC_WARN_TYPECHECK_CALLS_TO_PRINTF = YES;
				GCC_WARN_UNDECLARED_SELECTOR = YES;
				GCC_WARN_UNINITIALIZED_AUTOS = YES;
				GCC_WARN_UNUSED_FUNCTION = YES;
				GCC_WARN_UNUSED_LABEL = YES;
				GCC_WARN_UNUSED_VALUE = YES;
				GCC_WARN_UNUSED_VARIABLE = YES;
				IPHONEOS_DEPLOYMENT_TARGET = 5.0;
				PROVISIONING_PROFILE = "0907A2F0-D3AA-4C44-BD8B-FB003C13BCD3";
				"PROVISIONING_PROFILE[sdk=iphoneos*]" = "0907A2F0-D3AA-4C44-BD8B-FB003C13BCD3";
				SDKROOT = iphoneos;
			};
			name = Debug;
		};
		C01FCF5008A954540054247B /* Release */ = {
			isa = XCBuildConfiguration;
			buildSettings = {
				ARCHS = "$(ARCHS_STANDARD_32_BIT)";
				CLANG_WARN__DUPLICATE_METHOD_MATCH = YES;
				CODE_SIGN_IDENTITY = "iPhone Developer: Keith Mortensen (3474T83TD2)";
				"CODE_SIGN_IDENTITY[sdk=iphoneos*]" = "iPhone Developer: Keith Mortensen (3474T83TD2)";
				GCC_C_LANGUAGE_STANDARD = c99;
				GCC_TREAT_WARNINGS_AS_ERRORS = YES;
				GCC_WARN_64_TO_32_BIT_CONVERSION = YES;
				GCC_WARN_ABOUT_MISSING_FIELD_INITIALIZERS = YES;
				GCC_WARN_ABOUT_RETURN_TYPE = YES;
				GCC_WARN_CHECK_SWITCH_STATEMENTS = YES;
				GCC_WARN_INITIALIZER_NOT_FULLY_BRACKETED = YES;
				GCC_WARN_MISSING_PARENTHESES = YES;
				GCC_WARN_SHADOW = YES;
				GCC_WARN_SIGN_COMPARE = YES;
				GCC_WARN_TYPECHECK_CALLS_TO_PRINTF = YES;
				GCC_WARN_UNDECLARED_SELECTOR = YES;
				GCC_WARN_UNINITIALIZED_AUTOS = YES;
				GCC_WARN_UNUSED_FUNCTION = YES;
				GCC_WARN_UNUSED_LABEL = YES;
				GCC_WARN_UNUSED_VALUE = YES;
				GCC_WARN_UNUSED_VARIABLE = YES;
				IPHONEOS_DEPLOYMENT_TARGET = 5.0;
				OTHER_CFLAGS = "-DNS_BLOCK_ASSERTIONS=1";
				PROVISIONING_PROFILE = "0907A2F0-D3AA-4C44-BD8B-FB003C13BCD3";
				"PROVISIONING_PROFILE[sdk=iphoneos*]" = "0907A2F0-D3AA-4C44-BD8B-FB003C13BCD3";
				RUN_CLANG_STATIC_ANALYZER = YES;
				SDKROOT = iphoneos;
			};
			name = Release;
		};
/* End XCBuildConfiguration section */

/* Begin XCConfigurationList section */
		1D6058960D05DD3E006BFB54 /* Build configuration list for PBXNativeTarget "Breadcrumb" */ = {
			isa = XCConfigurationList;
			buildConfigurations = (
				1D6058940D05DD3E006BFB54 /* Debug */,
				1D6058950D05DD3E006BFB54 /* Release */,
			);
			defaultConfigurationIsVisible = 0;
			defaultConfigurationName = Release;
		};
		C01FCF4E08A954540054247B /* Build configuration list for PBXProject "Breadcrumb" */ = {
			isa = XCConfigurationList;
			buildConfigurations = (
				C01FCF4F08A954540054247B /* Debug */,
				C01FCF5008A954540054247B /* Release */,
			);
			defaultConfigurationIsVisible = 0;
			defaultConfigurationName = Release;
		};
/* End XCConfigurationList section */
	};
	rootObject = 29B97313FDCFA39411CA2CEA /* Project object */;
}
